// !$*UTF8*$!
{
	archiveVersion = 1;
	classes = {
	};
	objectVersion = 46;
	objects = {

/* Begin PBXBuildFile section */
		184DCE711B10564300DFEF20 /* HomePageController.m in Sources */ = {isa = PBXBuildFile; fileRef = 184DCE701B10564300DFEF20 /* HomePageController.m */; };
		184DCE741B1059FA00DFEF20 /* RootNavgationController.m in Sources */ = {isa = PBXBuildFile; fileRef = 184DCE731B1059FA00DFEF20 /* RootNavgationController.m */; };
		184DCE7A1B106B4400DFEF20 /* rollview_test_1.png in Resources */ = {isa = PBXBuildFile; fileRef = 184DCE751B106B4400DFEF20 /* rollview_test_1.png */; };
		184DCE7B1B106B4400DFEF20 /* rollview_test_2.png in Resources */ = {isa = PBXBuildFile; fileRef = 184DCE761B106B4400DFEF20 /* rollview_test_2.png */; };
		184DCE7C1B106B4400DFEF20 /* rollview_test_3.png in Resources */ = {isa = PBXBuildFile; fileRef = 184DCE771B106B4400DFEF20 /* rollview_test_3.png */; };
		184DCE7D1B106B4400DFEF20 /* rollview_test_4.png in Resources */ = {isa = PBXBuildFile; fileRef = 184DCE781B106B4400DFEF20 /* rollview_test_4.png */; };
		184DCE7E1B106B4400DFEF20 /* rollview_test_5.png in Resources */ = {isa = PBXBuildFile; fileRef = 184DCE791B106B4400DFEF20 /* rollview_test_5.png */; };
		186AAB391B11775800B5C84C /* ProductDetailController.m in Sources */ = {isa = PBXBuildFile; fileRef = 186AAB361B11775800B5C84C /* ProductDetailController.m */; };
		186AAB3C1B1177A300B5C84C /* DetailHeaderView.m in Sources */ = {isa = PBXBuildFile; fileRef = 186AAB3B1B1177A300B5C84C /* DetailHeaderView.m */; };
		186AAB3E1B1177E400B5C84C /* DetailHeaderViewFor375.xib in Resources */ = {isa = PBXBuildFile; fileRef = 186AAB3D1B1177E400B5C84C /* DetailHeaderViewFor375.xib */; };
		186AAB401B11906500B5C84C /* DetailHeaderViewFor320.xib in Resources */ = {isa = PBXBuildFile; fileRef = 186AAB3F1B11906500B5C84C /* DetailHeaderViewFor320.xib */; };
		186AAB421B11906A00B5C84C /* DetailHeaderViewFor414.xib in Resources */ = {isa = PBXBuildFile; fileRef = 186AAB411B11906A00B5C84C /* DetailHeaderViewFor414.xib */; };
		186AAB451B11996600B5C84C /* PercentCircleView.m in Sources */ = {isa = PBXBuildFile; fileRef = 186AAB441B11996600B5C84C /* PercentCircleView.m */; };
		186AAB481B11A98400B5C84C /* ProductDetail.m in Sources */ = {isa = PBXBuildFile; fileRef = 186AAB471B11A98400B5C84C /* ProductDetail.m */; };
		B0109D8D1B0DEB1F00257AF9 /* DLMainNav.plist in Resources */ = {isa = PBXBuildFile; fileRef = B0109D8C1B0DEB1F00257AF9 /* DLMainNav.plist */; };
		B0109D8F1B0DEEE100257AF9 /* Images.xcassets in Resources */ = {isa = PBXBuildFile; fileRef = B0109D8E1B0DEEE100257AF9 /* Images.xcassets */; };
		B0109D921B0E01E600257AF9 /* RootTabBarController.m in Sources */ = {isa = PBXBuildFile; fileRef = B0109D911B0E01E600257AF9 /* RootTabBarController.m */; };
		B0109D951B0E09E200257AF9 /* BaseViewController.m in Sources */ = {isa = PBXBuildFile; fileRef = B0109D941B0E09E200257AF9 /* BaseViewController.m */; };
		B013D7B11B0C952500AFE1FC /* MoreViewController.m in Sources */ = {isa = PBXBuildFile; fileRef = B013D7B01B0C952500AFE1FC /* MoreViewController.m */; };
		B02F2F901B1223DD00D3D59E /* AFHTTPRequestOperation.m in Sources */ = {isa = PBXBuildFile; fileRef = B02F2F6A1B1223DD00D3D59E /* AFHTTPRequestOperation.m */; };
		B02F2F911B1223DD00D3D59E /* AFHTTPRequestOperationManager.m in Sources */ = {isa = PBXBuildFile; fileRef = B02F2F6C1B1223DD00D3D59E /* AFHTTPRequestOperationManager.m */; };
		B02F2F921B1223DD00D3D59E /* AFHTTPSessionManager.m in Sources */ = {isa = PBXBuildFile; fileRef = B02F2F6E1B1223DD00D3D59E /* AFHTTPSessionManager.m */; };
		B02F2F931B1223DD00D3D59E /* AFNetworkReachabilityManager.m in Sources */ = {isa = PBXBuildFile; fileRef = B02F2F711B1223DD00D3D59E /* AFNetworkReachabilityManager.m */; };
		B02F2F941B1223DD00D3D59E /* AFSecurityPolicy.m in Sources */ = {isa = PBXBuildFile; fileRef = B02F2F731B1223DD00D3D59E /* AFSecurityPolicy.m */; };
		B02F2F951B1223DD00D3D59E /* AFURLConnectionOperation.m in Sources */ = {isa = PBXBuildFile; fileRef = B02F2F751B1223DD00D3D59E /* AFURLConnectionOperation.m */; };
		B02F2F961B1223DD00D3D59E /* AFURLRequestSerialization.m in Sources */ = {isa = PBXBuildFile; fileRef = B02F2F771B1223DD00D3D59E /* AFURLRequestSerialization.m */; };
		B02F2F971B1223DD00D3D59E /* AFURLResponseSerialization.m in Sources */ = {isa = PBXBuildFile; fileRef = B02F2F791B1223DD00D3D59E /* AFURLResponseSerialization.m */; };
		B02F2F981B1223DD00D3D59E /* AFURLSessionManager.m in Sources */ = {isa = PBXBuildFile; fileRef = B02F2F7B1B1223DD00D3D59E /* AFURLSessionManager.m */; };
		B02F2F9B1B1223DD00D3D59E /* AFNetworkActivityIndicatorManager.m in Sources */ = {isa = PBXBuildFile; fileRef = B02F2F801B1223DD00D3D59E /* AFNetworkActivityIndicatorManager.m */; };
		B02F2F9C1B1223DD00D3D59E /* UIActivityIndicatorView+AFNetworking.m in Sources */ = {isa = PBXBuildFile; fileRef = B02F2F821B1223DD00D3D59E /* UIActivityIndicatorView+AFNetworking.m */; };
		B02F2F9D1B1223DD00D3D59E /* UIAlertView+AFNetworking.m in Sources */ = {isa = PBXBuildFile; fileRef = B02F2F841B1223DD00D3D59E /* UIAlertView+AFNetworking.m */; };
		B02F2F9E1B1223DD00D3D59E /* UIButton+AFNetworking.m in Sources */ = {isa = PBXBuildFile; fileRef = B02F2F861B1223DD00D3D59E /* UIButton+AFNetworking.m */; };
		B02F2F9F1B1223DD00D3D59E /* UIImageView+AFNetworking.m in Sources */ = {isa = PBXBuildFile; fileRef = B02F2F881B1223DD00D3D59E /* UIImageView+AFNetworking.m */; };
		B02F2FA01B1223DD00D3D59E /* UIProgressView+AFNetworking.m in Sources */ = {isa = PBXBuildFile; fileRef = B02F2F8B1B1223DD00D3D59E /* UIProgressView+AFNetworking.m */; };
		B02F2FA11B1223DD00D3D59E /* UIRefreshControl+AFNetworking.m in Sources */ = {isa = PBXBuildFile; fileRef = B02F2F8D1B1223DD00D3D59E /* UIRefreshControl+AFNetworking.m */; };
		B02F2FA21B1223DD00D3D59E /* UIWebView+AFNetworking.m in Sources */ = {isa = PBXBuildFile; fileRef = B02F2F8F1B1223DD00D3D59E /* UIWebView+AFNetworking.m */; };
		B02F2FAC1B1223EC00D3D59E /* UIView+RSAdditions.m in Sources */ = {isa = PBXBuildFile; fileRef = B02F2FA91B1223EC00D3D59E /* UIView+RSAdditions.m */; };
		B02F2FB31B12240B00D3D59E /* UIScrollView+SVInfiniteScrolling.m in Sources */ = {isa = PBXBuildFile; fileRef = B02F2FB01B12240B00D3D59E /* UIScrollView+SVInfiniteScrolling.m */; };
		B02F2FB41B12240B00D3D59E /* UIScrollView+SVPullToRefresh.m in Sources */ = {isa = PBXBuildFile; fileRef = B02F2FB21B12240B00D3D59E /* UIScrollView+SVPullToRefresh.m */; };
		B02F2FBE1B12EA3100D3D59E /* MoreTabInfo.plist in Resources */ = {isa = PBXBuildFile; fileRef = B02F2FBD1B12EA3100D3D59E /* MoreTabInfo.plist */; };
		B08336A51B0C791C007CCCAC /* main.m in Sources */ = {isa = PBXBuildFile; fileRef = B08336A41B0C791C007CCCAC /* main.m */; };
		B08336A81B0C791C007CCCAC /* AppDelegate.m in Sources */ = {isa = PBXBuildFile; fileRef = B08336A71B0C791C007CCCAC /* AppDelegate.m */; };
		B08336B31B0C791C007CCCAC /* LaunchScreen.xib in Resources */ = {isa = PBXBuildFile; fileRef = B08336B11B0C791C007CCCAC /* LaunchScreen.xib */; };
		B08336BF1B0C791C007CCCAC /* DelanTests.m in Sources */ = {isa = PBXBuildFile; fileRef = B08336BE1B0C791C007CCCAC /* DelanTests.m */; };
		B7C38AEF9BA4367E7D23F98E /* libPods.a in Frameworks */ = {isa = PBXBuildFile; fileRef = 5E8B704C5C15F212F5D79DE6 /* libPods.a */; };
/* End PBXBuildFile section */

/* Begin PBXContainerItemProxy section */
		B08336B91B0C791C007CCCAC /* PBXContainerItemProxy */ = {
			isa = PBXContainerItemProxy;
			containerPortal = B08336971B0C791C007CCCAC /* Project object */;
			proxyType = 1;
			remoteGlobalIDString = B083369E1B0C791C007CCCAC;
			remoteInfo = Delan;
		};
/* End PBXContainerItemProxy section */

/* Begin PBXFileReference section */
		184DCE6F1B10564300DFEF20 /* HomePageController.h */ = {isa = PBXFileReference; fileEncoding = 4; lastKnownFileType = sourcecode.c.h; path = HomePageController.h; sourceTree = "<group>"; };
		184DCE701B10564300DFEF20 /* HomePageController.m */ = {isa = PBXFileReference; fileEncoding = 4; lastKnownFileType = sourcecode.c.objc; path = HomePageController.m; sourceTree = "<group>"; };
		184DCE721B1059FA00DFEF20 /* RootNavgationController.h */ = {isa = PBXFileReference; fileEncoding = 4; lastKnownFileType = sourcecode.c.h; path = RootNavgationController.h; sourceTree = "<group>"; };
		184DCE731B1059FA00DFEF20 /* RootNavgationController.m */ = {isa = PBXFileReference; fileEncoding = 4; lastKnownFileType = sourcecode.c.objc; path = RootNavgationController.m; sourceTree = "<group>"; };
		184DCE751B106B4400DFEF20 /* rollview_test_1.png */ = {isa = PBXFileReference; lastKnownFileType = image.png; path = rollview_test_1.png; sourceTree = "<group>"; };
		184DCE761B106B4400DFEF20 /* rollview_test_2.png */ = {isa = PBXFileReference; lastKnownFileType = image.png; path = rollview_test_2.png; sourceTree = "<group>"; };
		184DCE771B106B4400DFEF20 /* rollview_test_3.png */ = {isa = PBXFileReference; lastKnownFileType = image.png; path = rollview_test_3.png; sourceTree = "<group>"; };
		184DCE781B106B4400DFEF20 /* rollview_test_4.png */ = {isa = PBXFileReference; lastKnownFileType = image.png; path = rollview_test_4.png; sourceTree = "<group>"; };
		184DCE791B106B4400DFEF20 /* rollview_test_5.png */ = {isa = PBXFileReference; lastKnownFileType = image.png; path = rollview_test_5.png; sourceTree = "<group>"; };
		186AAB351B11775800B5C84C /* ProductDetailController.h */ = {isa = PBXFileReference; fileEncoding = 4; lastKnownFileType = sourcecode.c.h; path = ProductDetailController.h; sourceTree = "<group>"; };
		186AAB361B11775800B5C84C /* ProductDetailController.m */ = {isa = PBXFileReference; fileEncoding = 4; lastKnownFileType = sourcecode.c.objc; path = ProductDetailController.m; sourceTree = "<group>"; };
		186AAB3A1B1177A300B5C84C /* DetailHeaderView.h */ = {isa = PBXFileReference; fileEncoding = 4; lastKnownFileType = sourcecode.c.h; path = DetailHeaderView.h; sourceTree = "<group>"; };
		186AAB3B1B1177A300B5C84C /* DetailHeaderView.m */ = {isa = PBXFileReference; fileEncoding = 4; lastKnownFileType = sourcecode.c.objc; path = DetailHeaderView.m; sourceTree = "<group>"; };
		186AAB3D1B1177E400B5C84C /* DetailHeaderViewFor375.xib */ = {isa = PBXFileReference; fileEncoding = 4; lastKnownFileType = file.xib; path = DetailHeaderViewFor375.xib; sourceTree = "<group>"; };
		186AAB3F1B11906500B5C84C /* DetailHeaderViewFor320.xib */ = {isa = PBXFileReference; fileEncoding = 4; lastKnownFileType = file.xib; path = DetailHeaderViewFor320.xib; sourceTree = "<group>"; };
		186AAB411B11906A00B5C84C /* DetailHeaderViewFor414.xib */ = {isa = PBXFileReference; fileEncoding = 4; lastKnownFileType = file.xib; path = DetailHeaderViewFor414.xib; sourceTree = "<group>"; };
		186AAB431B11996600B5C84C /* PercentCircleView.h */ = {isa = PBXFileReference; fileEncoding = 4; lastKnownFileType = sourcecode.c.h; path = PercentCircleView.h; sourceTree = "<group>"; };
		186AAB441B11996600B5C84C /* PercentCircleView.m */ = {isa = PBXFileReference; fileEncoding = 4; lastKnownFileType = sourcecode.c.objc; path = PercentCircleView.m; sourceTree = "<group>"; };
		186AAB461B11A98400B5C84C /* ProductDetail.h */ = {isa = PBXFileReference; fileEncoding = 4; lastKnownFileType = sourcecode.c.h; path = ProductDetail.h; sourceTree = "<group>"; };
		186AAB471B11A98400B5C84C /* ProductDetail.m */ = {isa = PBXFileReference; fileEncoding = 4; lastKnownFileType = sourcecode.c.objc; path = ProductDetail.m; sourceTree = "<group>"; };
		5D9499F938BB0D5566EA076B /* Pods.debug.xcconfig */ = {isa = PBXFileReference; includeInIndex = 1; lastKnownFileType = text.xcconfig; name = Pods.debug.xcconfig; path = "Pods/Target Support Files/Pods/Pods.debug.xcconfig"; sourceTree = "<group>"; };
		5E8B704C5C15F212F5D79DE6 /* libPods.a */ = {isa = PBXFileReference; explicitFileType = archive.ar; includeInIndex = 0; path = libPods.a; sourceTree = BUILT_PRODUCTS_DIR; };
		B0109D8C1B0DEB1F00257AF9 /* DLMainNav.plist */ = {isa = PBXFileReference; fileEncoding = 4; lastKnownFileType = text.plist.xml; path = DLMainNav.plist; sourceTree = "<group>"; };
		B0109D8E1B0DEEE100257AF9 /* Images.xcassets */ = {isa = PBXFileReference; lastKnownFileType = folder.assetcatalog; path = Images.xcassets; sourceTree = "<group>"; };
		B0109D901B0E01E600257AF9 /* RootTabBarController.h */ = {isa = PBXFileReference; fileEncoding = 4; lastKnownFileType = sourcecode.c.h; path = RootTabBarController.h; sourceTree = "<group>"; };
		B0109D911B0E01E600257AF9 /* RootTabBarController.m */ = {isa = PBXFileReference; fileEncoding = 4; lastKnownFileType = sourcecode.c.objc; path = RootTabBarController.m; sourceTree = "<group>"; };
		B0109D931B0E09E200257AF9 /* BaseViewController.h */ = {isa = PBXFileReference; fileEncoding = 4; lastKnownFileType = sourcecode.c.h; path = BaseViewController.h; sourceTree = "<group>"; };
		B0109D941B0E09E200257AF9 /* BaseViewController.m */ = {isa = PBXFileReference; fileEncoding = 4; lastKnownFileType = sourcecode.c.objc; path = BaseViewController.m; sourceTree = "<group>"; };
		B013D7AF1B0C952500AFE1FC /* MoreViewController.h */ = {isa = PBXFileReference; fileEncoding = 4; lastKnownFileType = sourcecode.c.h; name = MoreViewController.h; path = MoreTab/MoreViewController.h; sourceTree = "<group>"; };
		B013D7B01B0C952500AFE1FC /* MoreViewController.m */ = {isa = PBXFileReference; fileEncoding = 4; lastKnownFileType = sourcecode.c.objc; name = MoreViewController.m; path = MoreTab/MoreViewController.m; sourceTree = "<group>"; };
		B0236E1D272C98352625402C /* Pods.release.xcconfig */ = {isa = PBXFileReference; includeInIndex = 1; lastKnownFileType = text.xcconfig; name = Pods.release.xcconfig; path = "Pods/Target Support Files/Pods/Pods.release.xcconfig"; sourceTree = "<group>"; };
		B02F2F691B1223DD00D3D59E /* AFHTTPRequestOperation.h */ = {isa = PBXFileReference; fileEncoding = 4; lastKnownFileType = sourcecode.c.h; path = AFHTTPRequestOperation.h; sourceTree = "<group>"; };
		B02F2F6A1B1223DD00D3D59E /* AFHTTPRequestOperation.m */ = {isa = PBXFileReference; fileEncoding = 4; lastKnownFileType = sourcecode.c.objc; path = AFHTTPRequestOperation.m; sourceTree = "<group>"; };
		B02F2F6B1B1223DD00D3D59E /* AFHTTPRequestOperationManager.h */ = {isa = PBXFileReference; fileEncoding = 4; lastKnownFileType = sourcecode.c.h; path = AFHTTPRequestOperationManager.h; sourceTree = "<group>"; };
		B02F2F6C1B1223DD00D3D59E /* AFHTTPRequestOperationManager.m */ = {isa = PBXFileReference; fileEncoding = 4; lastKnownFileType = sourcecode.c.objc; path = AFHTTPRequestOperationManager.m; sourceTree = "<group>"; };
		B02F2F6D1B1223DD00D3D59E /* AFHTTPSessionManager.h */ = {isa = PBXFileReference; fileEncoding = 4; lastKnownFileType = sourcecode.c.h; path = AFHTTPSessionManager.h; sourceTree = "<group>"; };
		B02F2F6E1B1223DD00D3D59E /* AFHTTPSessionManager.m */ = {isa = PBXFileReference; fileEncoding = 4; lastKnownFileType = sourcecode.c.objc; path = AFHTTPSessionManager.m; sourceTree = "<group>"; };
		B02F2F6F1B1223DD00D3D59E /* AFNetworking.h */ = {isa = PBXFileReference; fileEncoding = 4; lastKnownFileType = sourcecode.c.h; path = AFNetworking.h; sourceTree = "<group>"; };
		B02F2F701B1223DD00D3D59E /* AFNetworkReachabilityManager.h */ = {isa = PBXFileReference; fileEncoding = 4; lastKnownFileType = sourcecode.c.h; path = AFNetworkReachabilityManager.h; sourceTree = "<group>"; };
		B02F2F711B1223DD00D3D59E /* AFNetworkReachabilityManager.m */ = {isa = PBXFileReference; fileEncoding = 4; lastKnownFileType = sourcecode.c.objc; path = AFNetworkReachabilityManager.m; sourceTree = "<group>"; };
		B02F2F721B1223DD00D3D59E /* AFSecurityPolicy.h */ = {isa = PBXFileReference; fileEncoding = 4; lastKnownFileType = sourcecode.c.h; path = AFSecurityPolicy.h; sourceTree = "<group>"; };
		B02F2F731B1223DD00D3D59E /* AFSecurityPolicy.m */ = {isa = PBXFileReference; fileEncoding = 4; lastKnownFileType = sourcecode.c.objc; path = AFSecurityPolicy.m; sourceTree = "<group>"; };
		B02F2F741B1223DD00D3D59E /* AFURLConnectionOperation.h */ = {isa = PBXFileReference; fileEncoding = 4; lastKnownFileType = sourcecode.c.h; path = AFURLConnectionOperation.h; sourceTree = "<group>"; };
		B02F2F751B1223DD00D3D59E /* AFURLConnectionOperation.m */ = {isa = PBXFileReference; fileEncoding = 4; lastKnownFileType = sourcecode.c.objc; path = AFURLConnectionOperation.m; sourceTree = "<group>"; };
		B02F2F761B1223DD00D3D59E /* AFURLRequestSerialization.h */ = {isa = PBXFileReference; fileEncoding = 4; lastKnownFileType = sourcecode.c.h; path = AFURLRequestSerialization.h; sourceTree = "<group>"; };
		B02F2F771B1223DD00D3D59E /* AFURLRequestSerialization.m */ = {isa = PBXFileReference; fileEncoding = 4; lastKnownFileType = sourcecode.c.objc; path = AFURLRequestSerialization.m; sourceTree = "<group>"; };
		B02F2F781B1223DD00D3D59E /* AFURLResponseSerialization.h */ = {isa = PBXFileReference; fileEncoding = 4; lastKnownFileType = sourcecode.c.h; path = AFURLResponseSerialization.h; sourceTree = "<group>"; };
		B02F2F791B1223DD00D3D59E /* AFURLResponseSerialization.m */ = {isa = PBXFileReference; fileEncoding = 4; lastKnownFileType = sourcecode.c.objc; path = AFURLResponseSerialization.m; sourceTree = "<group>"; };
		B02F2F7A1B1223DD00D3D59E /* AFURLSessionManager.h */ = {isa = PBXFileReference; fileEncoding = 4; lastKnownFileType = sourcecode.c.h; path = AFURLSessionManager.h; sourceTree = "<group>"; };
		B02F2F7B1B1223DD00D3D59E /* AFURLSessionManager.m */ = {isa = PBXFileReference; fileEncoding = 4; lastKnownFileType = sourcecode.c.objc; path = AFURLSessionManager.m; sourceTree = "<group>"; };
		B02F2F7F1B1223DD00D3D59E /* AFNetworkActivityIndicatorManager.h */ = {isa = PBXFileReference; fileEncoding = 4; lastKnownFileType = sourcecode.c.h; path = AFNetworkActivityIndicatorManager.h; sourceTree = "<group>"; };
		B02F2F801B1223DD00D3D59E /* AFNetworkActivityIndicatorManager.m */ = {isa = PBXFileReference; fileEncoding = 4; lastKnownFileType = sourcecode.c.objc; path = AFNetworkActivityIndicatorManager.m; sourceTree = "<group>"; };
		B02F2F811B1223DD00D3D59E /* UIActivityIndicatorView+AFNetworking.h */ = {isa = PBXFileReference; fileEncoding = 4; lastKnownFileType = sourcecode.c.h; path = "UIActivityIndicatorView+AFNetworking.h"; sourceTree = "<group>"; };
		B02F2F821B1223DD00D3D59E /* UIActivityIndicatorView+AFNetworking.m */ = {isa = PBXFileReference; fileEncoding = 4; lastKnownFileType = sourcecode.c.objc; path = "UIActivityIndicatorView+AFNetworking.m"; sourceTree = "<group>"; };
		B02F2F831B1223DD00D3D59E /* UIAlertView+AFNetworking.h */ = {isa = PBXFileReference; fileEncoding = 4; lastKnownFileType = sourcecode.c.h; path = "UIAlertView+AFNetworking.h"; sourceTree = "<group>"; };
		B02F2F841B1223DD00D3D59E /* UIAlertView+AFNetworking.m */ = {isa = PBXFileReference; fileEncoding = 4; lastKnownFileType = sourcecode.c.objc; path = "UIAlertView+AFNetworking.m"; sourceTree = "<group>"; };
		B02F2F851B1223DD00D3D59E /* UIButton+AFNetworking.h */ = {isa = PBXFileReference; fileEncoding = 4; lastKnownFileType = sourcecode.c.h; path = "UIButton+AFNetworking.h"; sourceTree = "<group>"; };
		B02F2F861B1223DD00D3D59E /* UIButton+AFNetworking.m */ = {isa = PBXFileReference; fileEncoding = 4; lastKnownFileType = sourcecode.c.objc; path = "UIButton+AFNetworking.m"; sourceTree = "<group>"; };
		B02F2F871B1223DD00D3D59E /* UIImageView+AFNetworking.h */ = {isa = PBXFileReference; fileEncoding = 4; lastKnownFileType = sourcecode.c.h; path = "UIImageView+AFNetworking.h"; sourceTree = "<group>"; };
		B02F2F881B1223DD00D3D59E /* UIImageView+AFNetworking.m */ = {isa = PBXFileReference; fileEncoding = 4; lastKnownFileType = sourcecode.c.objc; path = "UIImageView+AFNetworking.m"; sourceTree = "<group>"; };
		B02F2F891B1223DD00D3D59E /* UIKit+AFNetworking.h */ = {isa = PBXFileReference; fileEncoding = 4; lastKnownFileType = sourcecode.c.h; path = "UIKit+AFNetworking.h"; sourceTree = "<group>"; };
		B02F2F8A1B1223DD00D3D59E /* UIProgressView+AFNetworking.h */ = {isa = PBXFileReference; fileEncoding = 4; lastKnownFileType = sourcecode.c.h; path = "UIProgressView+AFNetworking.h"; sourceTree = "<group>"; };
		B02F2F8B1B1223DD00D3D59E /* UIProgressView+AFNetworking.m */ = {isa = PBXFileReference; fileEncoding = 4; lastKnownFileType = sourcecode.c.objc; path = "UIProgressView+AFNetworking.m"; sourceTree = "<group>"; };
		B02F2F8C1B1223DD00D3D59E /* UIRefreshControl+AFNetworking.h */ = {isa = PBXFileReference; fileEncoding = 4; lastKnownFileType = sourcecode.c.h; path = "UIRefreshControl+AFNetworking.h"; sourceTree = "<group>"; };
		B02F2F8D1B1223DD00D3D59E /* UIRefreshControl+AFNetworking.m */ = {isa = PBXFileReference; fileEncoding = 4; lastKnownFileType = sourcecode.c.objc; path = "UIRefreshControl+AFNetworking.m"; sourceTree = "<group>"; };
		B02F2F8E1B1223DD00D3D59E /* UIWebView+AFNetworking.h */ = {isa = PBXFileReference; fileEncoding = 4; lastKnownFileType = sourcecode.c.h; path = "UIWebView+AFNetworking.h"; sourceTree = "<group>"; };
		B02F2F8F1B1223DD00D3D59E /* UIWebView+AFNetworking.m */ = {isa = PBXFileReference; fileEncoding = 4; lastKnownFileType = sourcecode.c.objc; path = "UIWebView+AFNetworking.m"; sourceTree = "<group>"; };
		B02F2FA81B1223EC00D3D59E /* UIView+RSAdditions.h */ = {isa = PBXFileReference; fileEncoding = 4; lastKnownFileType = sourcecode.c.h; path = "UIView+RSAdditions.h"; sourceTree = "<group>"; };
		B02F2FA91B1223EC00D3D59E /* UIView+RSAdditions.m */ = {isa = PBXFileReference; fileEncoding = 4; lastKnownFileType = sourcecode.c.objc; path = "UIView+RSAdditions.m"; sourceTree = "<group>"; };
		B02F2FAE1B12240B00D3D59E /* SVPullToRefresh.h */ = {isa = PBXFileReference; fileEncoding = 4; lastKnownFileType = sourcecode.c.h; path = SVPullToRefresh.h; sourceTree = "<group>"; };
		B02F2FAF1B12240B00D3D59E /* UIScrollView+SVInfiniteScrolling.h */ = {isa = PBXFileReference; fileEncoding = 4; lastKnownFileType = sourcecode.c.h; path = "UIScrollView+SVInfiniteScrolling.h"; sourceTree = "<group>"; };
		B02F2FB01B12240B00D3D59E /* UIScrollView+SVInfiniteScrolling.m */ = {isa = PBXFileReference; fileEncoding = 4; lastKnownFileType = sourcecode.c.objc; path = "UIScrollView+SVInfiniteScrolling.m"; sourceTree = "<group>"; };
		B02F2FB11B12240B00D3D59E /* UIScrollView+SVPullToRefresh.h */ = {isa = PBXFileReference; fileEncoding = 4; lastKnownFileType = sourcecode.c.h; path = "UIScrollView+SVPullToRefresh.h"; sourceTree = "<group>"; };
		B02F2FB21B12240B00D3D59E /* UIScrollView+SVPullToRefresh.m */ = {isa = PBXFileReference; fileEncoding = 4; lastKnownFileType = sourcecode.c.objc; path = "UIScrollView+SVPullToRefresh.m"; sourceTree = "<group>"; };
		B02F2FBD1B12EA3100D3D59E /* MoreTabInfo.plist */ = {isa = PBXFileReference; fileEncoding = 4; lastKnownFileType = text.plist.xml; path = MoreTabInfo.plist; sourceTree = "<group>"; };
		B083369F1B0C791C007CCCAC /* Delan.app */ = {isa = PBXFileReference; explicitFileType = wrapper.application; includeInIndex = 0; path = Delan.app; sourceTree = BUILT_PRODUCTS_DIR; };
		B08336A31B0C791C007CCCAC /* Info.plist */ = {isa = PBXFileReference; lastKnownFileType = text.plist.xml; path = Info.plist; sourceTree = "<group>"; };
		B08336A41B0C791C007CCCAC /* main.m */ = {isa = PBXFileReference; lastKnownFileType = sourcecode.c.objc; path = main.m; sourceTree = "<group>"; };
		B08336A61B0C791C007CCCAC /* AppDelegate.h */ = {isa = PBXFileReference; lastKnownFileType = sourcecode.c.h; path = AppDelegate.h; sourceTree = "<group>"; };
		B08336A71B0C791C007CCCAC /* AppDelegate.m */ = {isa = PBXFileReference; lastKnownFileType = sourcecode.c.objc; path = AppDelegate.m; sourceTree = "<group>"; };
		B08336B21B0C791C007CCCAC /* Base */ = {isa = PBXFileReference; lastKnownFileType = file.xib; name = Base; path = Base.lproj/LaunchScreen.xib; sourceTree = "<group>"; };
		B08336B81B0C791C007CCCAC /* DelanTests.xctest */ = {isa = PBXFileReference; explicitFileType = wrapper.cfbundle; includeInIndex = 0; path = DelanTests.xctest; sourceTree = BUILT_PRODUCTS_DIR; };
		B08336BD1B0C791C007CCCAC /* Info.plist */ = {isa = PBXFileReference; lastKnownFileType = text.plist.xml; path = Info.plist; sourceTree = "<group>"; };
		B08336BE1B0C791C007CCCAC /* DelanTests.m */ = {isa = PBXFileReference; lastKnownFileType = sourcecode.c.objc; path = DelanTests.m; sourceTree = "<group>"; };
		B08336C81B0C7BAB007CCCAC /* PrefixHeader.pch */ = {isa = PBXFileReference; lastKnownFileType = sourcecode.c.h; path = PrefixHeader.pch; sourceTree = "<group>"; };
		B08336C91B0C7CAD007CCCAC /* Public.h */ = {isa = PBXFileReference; lastKnownFileType = sourcecode.c.h; path = Public.h; sourceTree = "<group>"; };
/* End PBXFileReference section */

/* Begin PBXFrameworksBuildPhase section */
		B083369C1B0C791C007CCCAC /* Frameworks */ = {
			isa = PBXFrameworksBuildPhase;
			buildActionMask = 2147483647;
			files = (
				B7C38AEF9BA4367E7D23F98E /* libPods.a in Frameworks */,
			);
			runOnlyForDeploymentPostprocessing = 0;
		};
		B08336B51B0C791C007CCCAC /* Frameworks */ = {
			isa = PBXFrameworksBuildPhase;
			buildActionMask = 2147483647;
			files = (
			);
			runOnlyForDeploymentPostprocessing = 0;
		};
/* End PBXFrameworksBuildPhase section */

/* Begin PBXGroup section */
		184DCE691B10555800DFEF20 /* AccountCenter */ = {
			isa = PBXGroup;
			children = (
			);
			path = AccountCenter;
			sourceTree = "<group>";
		};
		184DCE6A1B10555800DFEF20 /* HomePage */ = {
			isa = PBXGroup;
			children = (
				184DCE6C1B1055BD00DFEF20 /* Controller */,
				184DCE6D1B1055BD00DFEF20 /* Model */,
				184DCE6E1B1055BD00DFEF20 /* View */,
			);
			path = HomePage;
			sourceTree = "<group>";
		};
		184DCE6B1B10555800DFEF20 /* Product */ = {
			isa = PBXGroup;
			children = (
				186AAB341B11775800B5C84C /* Controller */,
				186AAB371B11775800B5C84C /* Model */,
				186AAB381B11775800B5C84C /* View */,
			);
			path = Product;
			sourceTree = "<group>";
		};
		184DCE6C1B1055BD00DFEF20 /* Controller */ = {
			isa = PBXGroup;
			children = (
				184DCE6F1B10564300DFEF20 /* HomePageController.h */,
				184DCE701B10564300DFEF20 /* HomePageController.m */,
			);
			path = Controller;
			sourceTree = "<group>";
		};
		184DCE6D1B1055BD00DFEF20 /* Model */ = {
			isa = PBXGroup;
			children = (
			);
			path = Model;
			sourceTree = "<group>";
		};
		184DCE6E1B1055BD00DFEF20 /* View */ = {
			isa = PBXGroup;
			children = (
			);
			path = View;
			sourceTree = "<group>";
		};
		18678ED41B108A0400DECEBE /* Other */ = {
			isa = PBXGroup;
			children = (
				B02F2FAD1B12240B00D3D59E /* SVPullToRefresh */,
				B02F2FA31B1223EC00D3D59E /* UIViewAdditions */,
				B02F2F671B1223DD00D3D59E /* AFNetworking */,
			);
			name = Other;
			sourceTree = "<group>";
		};
		186AAB341B11775800B5C84C /* Controller */ = {
			isa = PBXGroup;
			children = (
				186AAB351B11775800B5C84C /* ProductDetailController.h */,
				186AAB361B11775800B5C84C /* ProductDetailController.m */,
			);
			path = Controller;
			sourceTree = "<group>";
		};
		186AAB371B11775800B5C84C /* Model */ = {
			isa = PBXGroup;
			children = (
				186AAB461B11A98400B5C84C /* ProductDetail.h */,
				186AAB471B11A98400B5C84C /* ProductDetail.m */,
			);
			path = Model;
			sourceTree = "<group>";
		};
		186AAB381B11775800B5C84C /* View */ = {
			isa = PBXGroup;
			children = (
				186AAB3A1B1177A300B5C84C /* DetailHeaderView.h */,
				186AAB3B1B1177A300B5C84C /* DetailHeaderView.m */,
				186AAB3F1B11906500B5C84C /* DetailHeaderViewFor320.xib */,
				186AAB3D1B1177E400B5C84C /* DetailHeaderViewFor375.xib */,
				186AAB411B11906A00B5C84C /* DetailHeaderViewFor414.xib */,
				186AAB431B11996600B5C84C /* PercentCircleView.h */,
				186AAB441B11996600B5C84C /* PercentCircleView.m */,
			);
			path = View;
			sourceTree = "<group>";
		};
		5AD79F88DAD829094C7A08E2 /* Pods */ = {
			isa = PBXGroup;
			children = (
				5D9499F938BB0D5566EA076B /* Pods.debug.xcconfig */,
				B0236E1D272C98352625402C /* Pods.release.xcconfig */,
			);
			name = Pods;
			sourceTree = "<group>";
		};
		B013D7AD1B0C94BC00AFE1FC /* MoreTab */ = {
			isa = PBXGroup;
			children = (
				B02F2FBA1B12E72400D3D59E /* 联系我们 */,
				B02F2FB91B12E71900D3D59E /* 意见反馈 */,
				B02F2FB81B12E70D00D3D59E /* 帮助中心 */,
				B02F2FB71B12E70300D3D59E /* 行业报道 */,
				B02F2FB61B12E6F900D3D59E /* 官方公告 */,
				B02F2FB51B12E6ED00D3D59E /* 公司简介 */,
				B013D7AF1B0C952500AFE1FC /* MoreViewController.h */,
				B013D7B01B0C952500AFE1FC /* MoreViewController.m */,
				B02F2FBD1B12EA3100D3D59E /* MoreTabInfo.plist */,
			);
			name = MoreTab;
			sourceTree = "<group>";
		};
		B02F2F671B1223DD00D3D59E /* AFNetworking */ = {
			isa = PBXGroup;
			children = (
				B02F2F681B1223DD00D3D59E /* AFNetworking */,
				B02F2F7E1B1223DD00D3D59E /* UIKit+AFNetworking */,
			);
			path = AFNetworking;
			sourceTree = "<group>";
		};
		B02F2F681B1223DD00D3D59E /* AFNetworking */ = {
			isa = PBXGroup;
			children = (
				B02F2F691B1223DD00D3D59E /* AFHTTPRequestOperation.h */,
				B02F2F6A1B1223DD00D3D59E /* AFHTTPRequestOperation.m */,
				B02F2F6B1B1223DD00D3D59E /* AFHTTPRequestOperationManager.h */,
				B02F2F6C1B1223DD00D3D59E /* AFHTTPRequestOperationManager.m */,
				B02F2F6D1B1223DD00D3D59E /* AFHTTPSessionManager.h */,
				B02F2F6E1B1223DD00D3D59E /* AFHTTPSessionManager.m */,
				B02F2F6F1B1223DD00D3D59E /* AFNetworking.h */,
				B02F2F701B1223DD00D3D59E /* AFNetworkReachabilityManager.h */,
				B02F2F711B1223DD00D3D59E /* AFNetworkReachabilityManager.m */,
				B02F2F721B1223DD00D3D59E /* AFSecurityPolicy.h */,
				B02F2F731B1223DD00D3D59E /* AFSecurityPolicy.m */,
				B02F2F741B1223DD00D3D59E /* AFURLConnectionOperation.h */,
				B02F2F751B1223DD00D3D59E /* AFURLConnectionOperation.m */,
				B02F2F761B1223DD00D3D59E /* AFURLRequestSerialization.h */,
				B02F2F771B1223DD00D3D59E /* AFURLRequestSerialization.m */,
				B02F2F781B1223DD00D3D59E /* AFURLResponseSerialization.h */,
				B02F2F791B1223DD00D3D59E /* AFURLResponseSerialization.m */,
				B02F2F7A1B1223DD00D3D59E /* AFURLSessionManager.h */,
				B02F2F7B1B1223DD00D3D59E /* AFURLSessionManager.m */,
			);
			path = AFNetworking;
			sourceTree = "<group>";
		};
		B02F2F7E1B1223DD00D3D59E /* UIKit+AFNetworking */ = {
			isa = PBXGroup;
			children = (
				B02F2F7F1B1223DD00D3D59E /* AFNetworkActivityIndicatorManager.h */,
				B02F2F801B1223DD00D3D59E /* AFNetworkActivityIndicatorManager.m */,
				B02F2F811B1223DD00D3D59E /* UIActivityIndicatorView+AFNetworking.h */,
				B02F2F821B1223DD00D3D59E /* UIActivityIndicatorView+AFNetworking.m */,
				B02F2F831B1223DD00D3D59E /* UIAlertView+AFNetworking.h */,
				B02F2F841B1223DD00D3D59E /* UIAlertView+AFNetworking.m */,
				B02F2F851B1223DD00D3D59E /* UIButton+AFNetworking.h */,
				B02F2F861B1223DD00D3D59E /* UIButton+AFNetworking.m */,
				B02F2F871B1223DD00D3D59E /* UIImageView+AFNetworking.h */,
				B02F2F881B1223DD00D3D59E /* UIImageView+AFNetworking.m */,
				B02F2F891B1223DD00D3D59E /* UIKit+AFNetworking.h */,
				B02F2F8A1B1223DD00D3D59E /* UIProgressView+AFNetworking.h */,
				B02F2F8B1B1223DD00D3D59E /* UIProgressView+AFNetworking.m */,
				B02F2F8C1B1223DD00D3D59E /* UIRefreshControl+AFNetworking.h */,
				B02F2F8D1B1223DD00D3D59E /* UIRefreshControl+AFNetworking.m */,
				B02F2F8E1B1223DD00D3D59E /* UIWebView+AFNetworking.h */,
				B02F2F8F1B1223DD00D3D59E /* UIWebView+AFNetworking.m */,
			);
			path = "UIKit+AFNetworking";
			sourceTree = "<group>";
		};
		B02F2FA31B1223EC00D3D59E /* UIViewAdditions */ = {
			isa = PBXGroup;
			children = (
				B02F2FA61B1223EC00D3D59E /* UIViewAdditions */,
			);
			path = UIViewAdditions;
			sourceTree = "<group>";
		};
		B02F2FA61B1223EC00D3D59E /* UIViewAdditions */ = {
			isa = PBXGroup;
			children = (
				B02F2FA71B1223EC00D3D59E /* Classes */,
			);
			path = UIViewAdditions;
			sourceTree = "<group>";
		};
		B02F2FA71B1223EC00D3D59E /* Classes */ = {
			isa = PBXGroup;
			children = (
				B02F2FA81B1223EC00D3D59E /* UIView+RSAdditions.h */,
				B02F2FA91B1223EC00D3D59E /* UIView+RSAdditions.m */,
			);
			path = Classes;
			sourceTree = "<group>";
		};
		B02F2FAD1B12240B00D3D59E /* SVPullToRefresh */ = {
			isa = PBXGroup;
			children = (
				B02F2FAE1B12240B00D3D59E /* SVPullToRefresh.h */,
				B02F2FAF1B12240B00D3D59E /* UIScrollView+SVInfiniteScrolling.h */,
				B02F2FB01B12240B00D3D59E /* UIScrollView+SVInfiniteScrolling.m */,
				B02F2FB11B12240B00D3D59E /* UIScrollView+SVPullToRefresh.h */,
				B02F2FB21B12240B00D3D59E /* UIScrollView+SVPullToRefresh.m */,
			);
			path = SVPullToRefresh;
			sourceTree = "<group>";
		};
		B02F2FB51B12E6ED00D3D59E /* 公司简介 */ = {
			isa = PBXGroup;
			children = (
			);
			name = "公司简介";
			sourceTree = "<group>";
		};
		B02F2FB61B12E6F900D3D59E /* 官方公告 */ = {
			isa = PBXGroup;
			children = (
			);
			name = "官方公告";
			sourceTree = "<group>";
		};
		B02F2FB71B12E70300D3D59E /* 行业报道 */ = {
			isa = PBXGroup;
			children = (
			);
			name = "行业报道";
			sourceTree = "<group>";
		};
		B02F2FB81B12E70D00D3D59E /* 帮助中心 */ = {
			isa = PBXGroup;
			children = (
			);
			name = "帮助中心";
			sourceTree = "<group>";
		};
		B02F2FB91B12E71900D3D59E /* 意见反馈 */ = {
			isa = PBXGroup;
			children = (
			);
			name = "意见反馈";
			sourceTree = "<group>";
		};
		B02F2FBA1B12E72400D3D59E /* 联系我们 */ = {
			isa = PBXGroup;
			children = (
			);
			name = "联系我们";
			sourceTree = "<group>";
		};
		B08336961B0C791C007CCCAC = {
			isa = PBXGroup;
			children = (
				B08336A11B0C791C007CCCAC /* Delan */,
				B08336BB1B0C791C007CCCAC /* DelanTests */,
				B08336A01B0C791C007CCCAC /* Products */,
				5AD79F88DAD829094C7A08E2 /* Pods */,
				E728ECE434957E5433812136 /* Frameworks */,
			);
			sourceTree = "<group>";
		};
		B08336A01B0C791C007CCCAC /* Products */ = {
			isa = PBXGroup;
			children = (
				B083369F1B0C791C007CCCAC /* Delan.app */,
				B08336B81B0C791C007CCCAC /* DelanTests.xctest */,
			);
			name = Products;
			sourceTree = "<group>";
		};
		B08336A11B0C791C007CCCAC /* Delan */ = {
			isa = PBXGroup;
			children = (
				18678ED41B108A0400DECEBE /* Other */,
				184DCE6B1B10555800DFEF20 /* Product */,
				184DCE6A1B10555800DFEF20 /* HomePage */,
				184DCE691B10555800DFEF20 /* AccountCenter */,
				B013D7AD1B0C94BC00AFE1FC /* MoreTab */,
				B08336A61B0C791C007CCCAC /* AppDelegate.h */,
				B08336A71B0C791C007CCCAC /* AppDelegate.m */,
				B08336B11B0C791C007CCCAC /* LaunchScreen.xib */,
				B0109D901B0E01E600257AF9 /* RootTabBarController.h */,
				B0109D911B0E01E600257AF9 /* RootTabBarController.m */,
				184DCE721B1059FA00DFEF20 /* RootNavgationController.h */,
				184DCE731B1059FA00DFEF20 /* RootNavgationController.m */,
				B0109D931B0E09E200257AF9 /* BaseViewController.h */,
				B0109D941B0E09E200257AF9 /* BaseViewController.m */,
				B08336A21B0C791C007CCCAC /* Supporting Files */,
			);
			path = Delan;
			sourceTree = "<group>";
		};
		B08336A21B0C791C007CCCAC /* Supporting Files */ = {
			isa = PBXGroup;
			children = (
				184DCE751B106B4400DFEF20 /* rollview_test_1.png */,
				184DCE761B106B4400DFEF20 /* rollview_test_2.png */,
				184DCE771B106B4400DFEF20 /* rollview_test_3.png */,
				184DCE781B106B4400DFEF20 /* rollview_test_4.png */,
				184DCE791B106B4400DFEF20 /* rollview_test_5.png */,
				B0109D8E1B0DEEE100257AF9 /* Images.xcassets */,
				B0109D8C1B0DEB1F00257AF9 /* DLMainNav.plist */,
				B08336A31B0C791C007CCCAC /* Info.plist */,
				B08336A41B0C791C007CCCAC /* main.m */,
				B08336C81B0C7BAB007CCCAC /* PrefixHeader.pch */,
				B08336C91B0C7CAD007CCCAC /* Public.h */,
			);
			name = "Supporting Files";
			sourceTree = "<group>";
		};
		B08336BB1B0C791C007CCCAC /* DelanTests */ = {
			isa = PBXGroup;
			children = (
				B08336BE1B0C791C007CCCAC /* DelanTests.m */,
				B08336BC1B0C791C007CCCAC /* Supporting Files */,
			);
			path = DelanTests;
			sourceTree = "<group>";
		};
		B08336BC1B0C791C007CCCAC /* Supporting Files */ = {
			isa = PBXGroup;
			children = (
				B08336BD1B0C791C007CCCAC /* Info.plist */,
			);
			name = "Supporting Files";
			sourceTree = "<group>";
		};
		E728ECE434957E5433812136 /* Frameworks */ = {
			isa = PBXGroup;
			children = (
				5E8B704C5C15F212F5D79DE6 /* libPods.a */,
			);
			name = Frameworks;
			sourceTree = "<group>";
		};
/* End PBXGroup section */

/* Begin PBXNativeTarget section */
		B083369E1B0C791C007CCCAC /* Delan */ = {
			isa = PBXNativeTarget;
			buildConfigurationList = B08336C21B0C791C007CCCAC /* Build configuration list for PBXNativeTarget "Delan" */;
			buildPhases = (
				CD2C993E67D50C9BA6479A72 /* Check Pods Manifest.lock */,
				B083369B1B0C791C007CCCAC /* Sources */,
				B083369C1B0C791C007CCCAC /* Frameworks */,
				B083369D1B0C791C007CCCAC /* Resources */,
				CF1DD218FDE99C56C5D2C427 /* Copy Pods Resources */,
			);
			buildRules = (
			);
			dependencies = (
			);
			name = Delan;
			productName = Delan;
			productReference = B083369F1B0C791C007CCCAC /* Delan.app */;
			productType = "com.apple.product-type.application";
		};
		B08336B71B0C791C007CCCAC /* DelanTests */ = {
			isa = PBXNativeTarget;
			buildConfigurationList = B08336C51B0C791C007CCCAC /* Build configuration list for PBXNativeTarget "DelanTests" */;
			buildPhases = (
				B08336B41B0C791C007CCCAC /* Sources */,
				B08336B51B0C791C007CCCAC /* Frameworks */,
				B08336B61B0C791C007CCCAC /* Resources */,
			);
			buildRules = (
			);
			dependencies = (
				B08336BA1B0C791C007CCCAC /* PBXTargetDependency */,
			);
			name = DelanTests;
			productName = DelanTests;
			productReference = B08336B81B0C791C007CCCAC /* DelanTests.xctest */;
			productType = "com.apple.product-type.bundle.unit-test";
		};
/* End PBXNativeTarget section */

/* Begin PBXProject section */
		B08336971B0C791C007CCCAC /* Project object */ = {
			isa = PBXProject;
			attributes = {
				LastUpgradeCheck = 0630;
				ORGANIZATIONNAME = wdb;
				TargetAttributes = {
					B083369E1B0C791C007CCCAC = {
						CreatedOnToolsVersion = 6.3.1;
					};
					B08336B71B0C791C007CCCAC = {
						CreatedOnToolsVersion = 6.3.1;
						TestTargetID = B083369E1B0C791C007CCCAC;
					};
				};
			};
			buildConfigurationList = B083369A1B0C791C007CCCAC /* Build configuration list for PBXProject "Delan" */;
			compatibilityVersion = "Xcode 3.2";
			developmentRegion = English;
			hasScannedForEncodings = 0;
			knownRegions = (
				en,
				Base,
			);
			mainGroup = B08336961B0C791C007CCCAC;
			productRefGroup = B08336A01B0C791C007CCCAC /* Products */;
			projectDirPath = "";
			projectRoot = "";
			targets = (
				B083369E1B0C791C007CCCAC /* Delan */,
				B08336B71B0C791C007CCCAC /* DelanTests */,
			);
		};
/* End PBXProject section */

/* Begin PBXResourcesBuildPhase section */
		B083369D1B0C791C007CCCAC /* Resources */ = {
			isa = PBXResourcesBuildPhase;
			buildActionMask = 2147483647;
			files = (
				184DCE7B1B106B4400DFEF20 /* rollview_test_2.png in Resources */,
				B0109D8F1B0DEEE100257AF9 /* Images.xcassets in Resources */,
				186AAB421B11906A00B5C84C /* DetailHeaderViewFor414.xib in Resources */,
				186AAB3E1B1177E400B5C84C /* DetailHeaderViewFor375.xib in Resources */,
				184DCE7A1B106B4400DFEF20 /* rollview_test_1.png in Resources */,
				184DCE7C1B106B4400DFEF20 /* rollview_test_3.png in Resources */,
				B08336B31B0C791C007CCCAC /* LaunchScreen.xib in Resources */,
				186AAB401B11906500B5C84C /* DetailHeaderViewFor320.xib in Resources */,
				184DCE7E1B106B4400DFEF20 /* rollview_test_5.png in Resources */,
				B02F2FBE1B12EA3100D3D59E /* MoreTabInfo.plist in Resources */,
				B0109D8D1B0DEB1F00257AF9 /* DLMainNav.plist in Resources */,
				184DCE7D1B106B4400DFEF20 /* rollview_test_4.png in Resources */,
			);
			runOnlyForDeploymentPostprocessing = 0;
		};
		B08336B61B0C791C007CCCAC /* Resources */ = {
			isa = PBXResourcesBuildPhase;
			buildActionMask = 2147483647;
			files = (
			);
			runOnlyForDeploymentPostprocessing = 0;
		};
/* End PBXResourcesBuildPhase section */

/* Begin PBXShellScriptBuildPhase section */
		CD2C993E67D50C9BA6479A72 /* Check Pods Manifest.lock */ = {
			isa = PBXShellScriptBuildPhase;
			buildActionMask = 2147483647;
			files = (
			);
			inputPaths = (
			);
			name = "Check Pods Manifest.lock";
			outputPaths = (
			);
			runOnlyForDeploymentPostprocessing = 0;
			shellPath = /bin/sh;
			shellScript = "diff \"${PODS_ROOT}/../Podfile.lock\" \"${PODS_ROOT}/Manifest.lock\" > /dev/null\nif [[ $? != 0 ]] ; then\n    cat << EOM\nerror: The sandbox is not in sync with the Podfile.lock. Run 'pod install' or update your CocoaPods installation.\nEOM\n    exit 1\nfi\n";
			showEnvVarsInLog = 0;
		};
		CF1DD218FDE99C56C5D2C427 /* Copy Pods Resources */ = {
			isa = PBXShellScriptBuildPhase;
			buildActionMask = 2147483647;
			files = (
			);
			inputPaths = (
			);
			name = "Copy Pods Resources";
			outputPaths = (
			);
			runOnlyForDeploymentPostprocessing = 0;
			shellPath = /bin/sh;
			shellScript = "\"${SRCROOT}/Pods/Target Support Files/Pods/Pods-resources.sh\"\n";
			showEnvVarsInLog = 0;
		};
/* End PBXShellScriptBuildPhase section */

/* Begin PBXSourcesBuildPhase section */
		B083369B1B0C791C007CCCAC /* Sources */ = {
			isa = PBXSourcesBuildPhase;
			buildActionMask = 2147483647;
			files = (
				B013D7B11B0C952500AFE1FC /* MoreViewController.m in Sources */,
				B02F2F9C1B1223DD00D3D59E /* UIActivityIndicatorView+AFNetworking.m in Sources */,
				B02F2FA11B1223DD00D3D59E /* UIRefreshControl+AFNetworking.m in Sources */,
				B02F2F9E1B1223DD00D3D59E /* UIButton+AFNetworking.m in Sources */,
				B02F2F9D1B1223DD00D3D59E /* UIAlertView+AFNetworking.m in Sources */,
				184DCE711B10564300DFEF20 /* HomePageController.m in Sources */,
				B02F2F911B1223DD00D3D59E /* AFHTTPRequestOperationManager.m in Sources */,
				184DCE741B1059FA00DFEF20 /* RootNavgationController.m in Sources */,
				B02F2FAC1B1223EC00D3D59E /* UIView+RSAdditions.m in Sources */,
				B02F2F951B1223DD00D3D59E /* AFURLConnectionOperation.m in Sources */,
				B0109D951B0E09E200257AF9 /* BaseViewController.m in Sources */,
				B02F2F961B1223DD00D3D59E /* AFURLRequestSerialization.m in Sources */,
				B02F2FB31B12240B00D3D59E /* UIScrollView+SVInfiniteScrolling.m in Sources */,
				B02F2FA01B1223DD00D3D59E /* UIProgressView+AFNetworking.m in Sources */,
				B02F2F921B1223DD00D3D59E /* AFHTTPSessionManager.m in Sources */,
				B02F2F901B1223DD00D3D59E /* AFHTTPRequestOperation.m in Sources */,
				B0109D921B0E01E600257AF9 /* RootTabBarController.m in Sources */,
				B02F2F941B1223DD00D3D59E /* AFSecurityPolicy.m in Sources */,
				B08336A81B0C791C007CCCAC /* AppDelegate.m in Sources */,
				B02F2F931B1223DD00D3D59E /* AFNetworkReachabilityManager.m in Sources */,
				B02F2F9F1B1223DD00D3D59E /* UIImageView+AFNetworking.m in Sources */,
				B02F2FB41B12240B00D3D59E /* UIScrollView+SVPullToRefresh.m in Sources */,
				B02F2F981B1223DD00D3D59E /* AFURLSessionManager.m in Sources */,
				186AAB3C1B1177A300B5C84C /* DetailHeaderView.m in Sources */,
				B08336A51B0C791C007CCCAC /* main.m in Sources */,
				186AAB451B11996600B5C84C /* PercentCircleView.m in Sources */,
				B02F2F9B1B1223DD00D3D59E /* AFNetworkActivityIndicatorManager.m in Sources */,
				186AAB481B11A98400B5C84C /* ProductDetail.m in Sources */,
				B02F2FA21B1223DD00D3D59E /* UIWebView+AFNetworking.m in Sources */,
				B02F2F971B1223DD00D3D59E /* AFURLResponseSerialization.m in Sources */,
				186AAB391B11775800B5C84C /* ProductDetailController.m in Sources */,
			);
			runOnlyForDeploymentPostprocessing = 0;
		};
		B08336B41B0C791C007CCCAC /* Sources */ = {
			isa = PBXSourcesBuildPhase;
			buildActionMask = 2147483647;
			files = (
				B08336BF1B0C791C007CCCAC /* DelanTests.m in Sources */,
			);
			runOnlyForDeploymentPostprocessing = 0;
		};
/* End PBXSourcesBuildPhase section */

/* Begin PBXTargetDependency section */
		B08336BA1B0C791C007CCCAC /* PBXTargetDependency */ = {
			isa = PBXTargetDependency;
			target = B083369E1B0C791C007CCCAC /* Delan */;
			targetProxy = B08336B91B0C791C007CCCAC /* PBXContainerItemProxy */;
		};
/* End PBXTargetDependency section */

/* Begin PBXVariantGroup section */
		B08336B11B0C791C007CCCAC /* LaunchScreen.xib */ = {
			isa = PBXVariantGroup;
			children = (
				B08336B21B0C791C007CCCAC /* Base */,
			);
			name = LaunchScreen.xib;
			sourceTree = "<group>";
		};
/* End PBXVariantGroup section */

/* Begin XCBuildConfiguration section */
		B08336C01B0C791C007CCCAC /* Debug */ = {
			isa = XCBuildConfiguration;
			buildSettings = {
				ALWAYS_SEARCH_USER_PATHS = NO;
				CLANG_CXX_LANGUAGE_STANDARD = "gnu++0x";
				CLANG_CXX_LIBRARY = "libc++";
				CLANG_ENABLE_MODULES = YES;
				CLANG_ENABLE_OBJC_ARC = YES;
				CLANG_WARN_BOOL_CONVERSION = YES;
				CLANG_WARN_CONSTANT_CONVERSION = YES;
				CLANG_WARN_DIRECT_OBJC_ISA_USAGE = YES_ERROR;
				CLANG_WARN_EMPTY_BODY = YES;
				CLANG_WARN_ENUM_CONVERSION = YES;
				CLANG_WARN_INT_CONVERSION = YES;
				CLANG_WARN_OBJC_ROOT_CLASS = YES_ERROR;
				CLANG_WARN_UNREACHABLE_CODE = YES;
				CLANG_WARN__DUPLICATE_METHOD_MATCH = YES;
				"CODE_SIGN_IDENTITY[sdk=iphoneos*]" = "iPhone Developer";
				COPY_PHASE_STRIP = NO;
				DEBUG_INFORMATION_FORMAT = "dwarf-with-dsym";
				ENABLE_STRICT_OBJC_MSGSEND = YES;
				GCC_C_LANGUAGE_STANDARD = gnu99;
				GCC_DYNAMIC_NO_PIC = NO;
				GCC_NO_COMMON_BLOCKS = YES;
				GCC_OPTIMIZATION_LEVEL = 0;
				GCC_PREPROCESSOR_DEFINITIONS = (
					"DEBUG=1",
					"$(inherited)",
				);
				GCC_SYMBOLS_PRIVATE_EXTERN = NO;
				GCC_WARN_64_TO_32_BIT_CONVERSION = YES;
				GCC_WARN_ABOUT_RETURN_TYPE = YES_ERROR;
				GCC_WARN_UNDECLARED_SELECTOR = YES;
				GCC_WARN_UNINITIALIZED_AUTOS = YES_AGGRESSIVE;
				GCC_WARN_UNUSED_FUNCTION = YES;
				GCC_WARN_UNUSED_VARIABLE = YES;
				IPHONEOS_DEPLOYMENT_TARGET = 7.0;
				MTL_ENABLE_DEBUG_INFO = YES;
				ONLY_ACTIVE_ARCH = YES;
				OTHER_LDFLAGS = (
					"-all_load",
					"-ObjC",
				);
				SDKROOT = iphoneos;
			};
			name = Debug;
		};
		B08336C11B0C791C007CCCAC /* Release */ = {
			isa = XCBuildConfiguration;
			buildSettings = {
				ALWAYS_SEARCH_USER_PATHS = NO;
				CLANG_CXX_LANGUAGE_STANDARD = "gnu++0x";
				CLANG_CXX_LIBRARY = "libc++";
				CLANG_ENABLE_MODULES = YES;
				CLANG_ENABLE_OBJC_ARC = YES;
				CLANG_WARN_BOOL_CONVERSION = YES;
				CLANG_WARN_CONSTANT_CONVERSION = YES;
				CLANG_WARN_DIRECT_OBJC_ISA_USAGE = YES_ERROR;
				CLANG_WARN_EMPTY_BODY = YES;
				CLANG_WARN_ENUM_CONVERSION = YES;
				CLANG_WARN_INT_CONVERSION = YES;
				CLANG_WARN_OBJC_ROOT_CLASS = YES_ERROR;
				CLANG_WARN_UNREACHABLE_CODE = YES;
				CLANG_WARN__DUPLICATE_METHOD_MATCH = YES;
				"CODE_SIGN_IDENTITY[sdk=iphoneos*]" = "iPhone Developer";
				COPY_PHASE_STRIP = NO;
				DEBUG_INFORMATION_FORMAT = "dwarf-with-dsym";
				ENABLE_NS_ASSERTIONS = NO;
				ENABLE_STRICT_OBJC_MSGSEND = YES;
				GCC_C_LANGUAGE_STANDARD = gnu99;
				GCC_NO_COMMON_BLOCKS = YES;
				GCC_WARN_64_TO_32_BIT_CONVERSION = YES;
				GCC_WARN_ABOUT_RETURN_TYPE = YES_ERROR;
				GCC_WARN_UNDECLARED_SELECTOR = YES;
				GCC_WARN_UNINITIALIZED_AUTOS = YES_AGGRESSIVE;
				GCC_WARN_UNUSED_FUNCTION = YES;
				GCC_WARN_UNUSED_VARIABLE = YES;
				IPHONEOS_DEPLOYMENT_TARGET = 7.0;
				MTL_ENABLE_DEBUG_INFO = NO;
				OTHER_LDFLAGS = (
					"-all_load",
					"-ObjC",
				);
				SDKROOT = iphoneos;
				VALIDATE_PRODUCT = YES;
			};
			name = Release;
		};
		B08336C31B0C791C007CCCAC /* Debug */ = {
			isa = XCBuildConfiguration;
			baseConfigurationReference = 5D9499F938BB0D5566EA076B /* Pods.debug.xcconfig */;
			buildSettings = {
				ASSETCATALOG_COMPILER_APPICON_NAME = AppIcon;
				ASSETCATALOG_COMPILER_LAUNCHIMAGE_NAME = LaunchImage;
				GCC_PREFIX_HEADER = "$(SRCROOT)/Delan/PrefixHeader.pch";
				INFOPLIST_FILE = Delan/Info.plist;
				LD_RUNPATH_SEARCH_PATHS = "$(inherited) @executable_path/Frameworks";
				OTHER_LDFLAGS = (
					"-all_load",
					"-ObjC",
				);
				PRODUCT_NAME = "$(TARGET_NAME)";
				USER_HEADER_SEARCH_PATHS = "$(SRCROOT)/**";
			};
			name = Debug;
		};
		B08336C41B0C791C007CCCAC /* Release */ = {
			isa = XCBuildConfiguration;
			baseConfigurationReference = B0236E1D272C98352625402C /* Pods.release.xcconfig */;
			buildSettings = {
				ASSETCATALOG_COMPILER_APPICON_NAME = AppIcon;
				ASSETCATALOG_COMPILER_LAUNCHIMAGE_NAME = LaunchImage;
				GCC_PREFIX_HEADER = "$(SRCROOT)/Delan/PrefixHeader.pch";
				INFOPLIST_FILE = Delan/Info.plist;
				LD_RUNPATH_SEARCH_PATHS = "$(inherited) @executable_path/Frameworks";
				OTHER_LDFLAGS = (
					"-all_load",
					"-ObjC",
				);
				PRODUCT_NAME = "$(TARGET_NAME)";
				USER_HEADER_SEARCH_PATHS = "$(SRCROOT)/**";
			};
			name = Release;
		};
		B08336C61B0C791C007CCCAC /* Debug */ = {
			isa = XCBuildConfiguration;
			buildSettings = {
				BUNDLE_LOADER = "$(TEST_HOST)";
				FRAMEWORK_SEARCH_PATHS = (
					"$(SDKROOT)/Developer/Library/Frameworks",
					"$(inherited)",
				);
				GCC_PREPROCESSOR_DEFINITIONS = (
					"DEBUG=1",
					"$(inherited)",
				);
				INFOPLIST_FILE = DelanTests/Info.plist;
				LD_RUNPATH_SEARCH_PATHS = "$(inherited) @executable_path/Frameworks @loader_path/Frameworks";
				PRODUCT_NAME = "$(TARGET_NAME)";
				TEST_HOST = "$(BUILT_PRODUCTS_DIR)/Delan.app/Delan";
			};
			name = Debug;
		};
		B08336C71B0C791C007CCCAC /* Release */ = {
			isa = XCBuildConfiguration;
			buildSettings = {
				BUNDLE_LOADER = "$(TEST_HOST)";
				FRAMEWORK_SEARCH_PATHS = (
					"$(SDKROOT)/Developer/Library/Frameworks",
					"$(inherited)",
				);
				INFOPLIST_FILE = DelanTests/Info.plist;
				LD_RUNPATH_SEARCH_PATHS = "$(inherited) @executable_path/Frameworks @loader_path/Frameworks";
				PRODUCT_NAME = "$(TARGET_NAME)";
				TEST_HOST = "$(BUILT_PRODUCTS_DIR)/Delan.app/Delan";
			};
			name = Release;
		};
/* End XCBuildConfiguration section */

/* Begin XCConfigurationList section */
		B083369A1B0C791C007CCCAC /* Build configuration list for PBXProject "Delan" */ = {
			isa = XCConfigurationList;
			buildConfigurations = (
				B08336C01B0C791C007CCCAC /* Debug */,
				B08336C11B0C791C007CCCAC /* Release */,
			);
			defaultConfigurationIsVisible = 0;
			defaultConfigurationName = Release;
		};
		B08336C21B0C791C007CCCAC /* Build configuration list for PBXNativeTarget "Delan" */ = {
			isa = XCConfigurationList;
			buildConfigurations = (
				B08336C31B0C791C007CCCAC /* Debug */,
				B08336C41B0C791C007CCCAC /* Release */,
			);
			defaultConfigurationIsVisible = 0;
			defaultConfigurationName = Release;
		};
		B08336C51B0C791C007CCCAC /* Build configuration list for PBXNativeTarget "DelanTests" */ = {
			isa = XCConfigurationList;
			buildConfigurations = (
				B08336C61B0C791C007CCCAC /* Debug */,
				B08336C71B0C791C007CCCAC /* Release */,
			);
			defaultConfigurationIsVisible = 0;
			defaultConfigurationName = Release;
		};
/* End XCConfigurationList section */
	};
	rootObject = B08336971B0C791C007CCCAC /* Project object */;
}
